// !$*UTF8*$!
{
	archiveVersion = 1;
	classes = {
	};
	objectVersion = 56;
	objects = {

/* Begin PBXBuildFile section */
		F1C8F9592B1378E2002AD0A3 /* OthelloApp.swift in Sources */ = {isa = PBXBuildFile; fileRef = F1C8F9582B1378E2002AD0A3 /* OthelloApp.swift */; };
		F1C8F95B2B1378E2002AD0A3 /* ContentView.swift in Sources */ = {isa = PBXBuildFile; fileRef = F1C8F95A2B1378E2002AD0A3 /* ContentView.swift */; };
		F1C8F95D2B1378E2002AD0A3 /* Item.swift in Sources */ = {isa = PBXBuildFile; fileRef = F1C8F95C2B1378E2002AD0A3 /* Item.swift */; };
		F1C8F95F2B1378E3002AD0A3 /* Assets.xcassets in Resources */ = {isa = PBXBuildFile; fileRef = F1C8F95E2B1378E3002AD0A3 /* Assets.xcassets */; };
		F1C8F9622B1378E3002AD0A3 /* Preview Assets.xcassets in Resources */ = {isa = PBXBuildFile; fileRef = F1C8F9612B1378E3002AD0A3 /* Preview Assets.xcassets */; };
		F1C8F96E2B1378E3002AD0A3 /* OthelloTests.swift in Sources */ = {isa = PBXBuildFile; fileRef = F1C8F96D2B1378E3002AD0A3 /* OthelloTests.swift */; };
		F1C8F9782B1378E3002AD0A3 /* OthelloUITests.swift in Sources */ = {isa = PBXBuildFile; fileRef = F1C8F9772B1378E3002AD0A3 /* OthelloUITests.swift */; };
		F1C8F97A2B1378E3002AD0A3 /* OthelloUITestsLaunchTests.swift in Sources */ = {isa = PBXBuildFile; fileRef = F1C8F9792B1378E3002AD0A3 /* OthelloUITestsLaunchTests.swift */; };
/* End PBXBuildFile section */

/* Begin PBXContainerItemProxy section */
		F1C8F96A2B1378E3002AD0A3 /* PBXContainerItemProxy */ = {
			isa = PBXContainerItemProxy;
			containerPortal = F1C8F94D2B1378E2002AD0A3 /* Project object */;
			proxyType = 1;
			remoteGlobalIDString = F1C8F9542B1378E2002AD0A3;
			remoteInfo = Othello;
		};
		F1C8F9742B1378E3002AD0A3 /* PBXContainerItemProxy */ = {
			isa = PBXContainerItemProxy;
			containerPortal = F1C8F94D2B1378E2002AD0A3 /* Project object */;
			proxyType = 1;
			remoteGlobalIDString = F1C8F9542B1378E2002AD0A3;
			remoteInfo = Othello;
		};
/* End PBXContainerItemProxy section */

/* Begin PBXFileReference section */
		F1C8F9552B1378E2002AD0A3 /* Othello.app */ = {isa = PBXFileReference; explicitFileType = wrapper.application; includeInIndex = 0; path = Othello.app; sourceTree = BUILT_PRODUCTS_DIR; };
		F1C8F9582B1378E2002AD0A3 /* OthelloApp.swift */ = {isa = PBXFileReference; lastKnownFileType = sourcecode.swift; path = OthelloApp.swift; sourceTree = "<group>"; };
		F1C8F95A2B1378E2002AD0A3 /* ContentView.swift */ = {isa = PBXFileReference; lastKnownFileType = sourcecode.swift; path = ContentView.swift; sourceTree = "<group>"; };
		F1C8F95C2B1378E2002AD0A3 /* Item.swift */ = {isa = PBXFileReference; lastKnownFileType = sourcecode.swift; path = Item.swift; sourceTree = "<group>"; };
		F1C8F95E2B1378E3002AD0A3 /* Assets.xcassets */ = {isa = PBXFileReference; lastKnownFileType = folder.assetcatalog; path = Assets.xcassets; sourceTree = "<group>"; };
		F1C8F9612B1378E3002AD0A3 /* Preview Assets.xcassets */ = {isa = PBXFileReference; lastKnownFileType = folder.assetcatalog; path = "Preview Assets.xcassets"; sourceTree = "<group>"; };
		F1C8F9632B1378E3002AD0A3 /* Othello.entitlements */ = {isa = PBXFileReference; lastKnownFileType = text.plist.entitlements; path = Othello.entitlements; sourceTree = "<group>"; };
		F1C8F9642B1378E3002AD0A3 /* Info.plist */ = {isa = PBXFileReference; lastKnownFileType = text.plist.xml; path = Info.plist; sourceTree = "<group>"; };
		F1C8F9692B1378E3002AD0A3 /* OthelloTests.xctest */ = {isa = PBXFileReference; explicitFileType = wrapper.cfbundle; includeInIndex = 0; path = OthelloTests.xctest; sourceTree = BUILT_PRODUCTS_DIR; };
		F1C8F96D2B1378E3002AD0A3 /* OthelloTests.swift */ = {isa = PBXFileReference; lastKnownFileType = sourcecode.swift; path = OthelloTests.swift; sourceTree = "<group>"; };
		F1C8F9732B1378E3002AD0A3 /* OthelloUITests.xctest */ = {isa = PBXFileReference; explicitFileType = wrapper.cfbundle; includeInIndex = 0; path = OthelloUITests.xctest; sourceTree = BUILT_PRODUCTS_DIR; };
		F1C8F9772B1378E3002AD0A3 /* OthelloUITests.swift */ = {isa = PBXFileReference; lastKnownFileType = sourcecode.swift; path = OthelloUITests.swift; sourceTree = "<group>"; };
		F1C8F9792B1378E3002AD0A3 /* OthelloUITestsLaunchTests.swift */ = {isa = PBXFileReference; lastKnownFileType = sourcecode.swift; path = OthelloUITestsLaunchTests.swift; sourceTree = "<group>"; };
/* End PBXFileReference section */

/* Begin PBXFrameworksBuildPhase section */
		F1C8F9522B1378E2002AD0A3 /* Frameworks */ = {
			isa = PBXFrameworksBuildPhase;
			buildActionMask = 2147483647;
			files = (
			);
			runOnlyForDeploymentPostprocessing = 0;
		};
		F1C8F9662B1378E3002AD0A3 /* Frameworks */ = {
			isa = PBXFrameworksBuildPhase;
			buildActionMask = 2147483647;
			files = (
			);
			runOnlyForDeploymentPostprocessing = 0;
		};
		F1C8F9702B1378E3002AD0A3 /* Frameworks */ = {
			isa = PBXFrameworksBuildPhase;
			buildActionMask = 2147483647;
			files = (
			);
			runOnlyForDeploymentPostprocessing = 0;
		};
/* End PBXFrameworksBuildPhase section */

/* Begin PBXGroup section */
		F1C8F94C2B1378E2002AD0A3 = {
			isa = PBXGroup;
			children = (
				F1C8F9572B1378E2002AD0A3 /* Othello */,
				F1C8F96C2B1378E3002AD0A3 /* OthelloTests */,
				F1C8F9762B1378E3002AD0A3 /* OthelloUITests */,
				F1C8F9562B1378E2002AD0A3 /* Products */,
			);
			sourceTree = "<group>";
		};
		F1C8F9562B1378E2002AD0A3 /* Products */ = {
			isa = PBXGroup;
			children = (
				F1C8F9552B1378E2002AD0A3 /* Othello.app */,
				F1C8F9692B1378E3002AD0A3 /* OthelloTests.xctest */,
				F1C8F9732B1378E3002AD0A3 /* OthelloUITests.xctest */,
			);
			name = Products;
			sourceTree = "<group>";
		};
		F1C8F9572B1378E2002AD0A3 /* Othello */ = {
			isa = PBXGroup;
			children = (
				F1C8F9582B1378E2002AD0A3 /* OthelloApp.swift */,
				F1C8F95A2B1378E2002AD0A3 /* ContentView.swift */,
				F1C8F95C2B1378E2002AD0A3 /* Item.swift */,
				F1C8F95E2B1378E3002AD0A3 /* Assets.xcassets */,
				F1C8F9632B1378E3002AD0A3 /* Othello.entitlements */,
				F1C8F9642B1378E3002AD0A3 /* Info.plist */,
				F1C8F9602B1378E3002AD0A3 /* Preview Content */,
			);
			path = Othello;
			sourceTree = "<group>";
		};
		F1C8F9602B1378E3002AD0A3 /* Preview Content */ = {
			isa = PBXGroup;
			children = (
				F1C8F9612B1378E3002AD0A3 /* Preview Assets.xcassets */,
			);
			path = "Preview Content";
			sourceTree = "<group>";
		};
		F1C8F96C2B1378E3002AD0A3 /* OthelloTests */ = {
			isa = PBXGroup;
			children = (
				F1C8F96D2B1378E3002AD0A3 /* OthelloTests.swift */,
			);
			path = OthelloTests;
			sourceTree = "<group>";
		};
		F1C8F9762B1378E3002AD0A3 /* OthelloUITests */ = {
			isa = PBXGroup;
			children = (
				F1C8F9772B1378E3002AD0A3 /* OthelloUITests.swift */,
				F1C8F9792B1378E3002AD0A3 /* OthelloUITestsLaunchTests.swift */,
			);
			path = OthelloUITests;
			sourceTree = "<group>";
		};
/* End PBXGroup section */

/* Begin PBXNativeTarget section */
		F1C8F9542B1378E2002AD0A3 /* Othello */ = {
			isa = PBXNativeTarget;
			buildConfigurationList = F1C8F97D2B1378E3002AD0A3 /* Build configuration list for PBXNativeTarget "Othello" */;
			buildPhases = (
				F1C8F9512B1378E2002AD0A3 /* Sources */,
				F1C8F9522B1378E2002AD0A3 /* Frameworks */,
				F1C8F9532B1378E2002AD0A3 /* Resources */,
			);
			buildRules = (
			);
			dependencies = (
			);
			name = Othello;
			productName = Othello;
			productReference = F1C8F9552B1378E2002AD0A3 /* Othello.app */;
			productType = "com.apple.product-type.application";
		};
		F1C8F9682B1378E3002AD0A3 /* OthelloTests */ = {
			isa = PBXNativeTarget;
			buildConfigurationList = F1C8F9802B1378E3002AD0A3 /* Build configuration list for PBXNativeTarget "OthelloTests" */;
			buildPhases = (
				F1C8F9652B1378E3002AD0A3 /* Sources */,
				F1C8F9662B1378E3002AD0A3 /* Frameworks */,
				F1C8F9672B1378E3002AD0A3 /* Resources */,
			);
			buildRules = (
			);
			dependencies = (
				F1C8F96B2B1378E3002AD0A3 /* PBXTargetDependency */,
			);
			name = OthelloTests;
			productName = OthelloTests;
			productReference = F1C8F9692B1378E3002AD0A3 /* OthelloTests.xctest */;
			productType = "com.apple.product-type.bundle.unit-test";
		};
		F1C8F9722B1378E3002AD0A3 /* OthelloUITests */ = {
			isa = PBXNativeTarget;
			buildConfigurationList = F1C8F9832B1378E3002AD0A3 /* Build configuration list for PBXNativeTarget "OthelloUITests" */;
			buildPhases = (
				F1C8F96F2B1378E3002AD0A3 /* Sources */,
				F1C8F9702B1378E3002AD0A3 /* Frameworks */,
				F1C8F9712B1378E3002AD0A3 /* Resources */,
			);
			buildRules = (
			);
			dependencies = (
				F1C8F9752B1378E3002AD0A3 /* PBXTargetDependency */,
			);
			name = OthelloUITests;
			productName = OthelloUITests;
			productReference = F1C8F9732B1378E3002AD0A3 /* OthelloUITests.xctest */;
			productType = "com.apple.product-type.bundle.ui-testing";
		};
/* End PBXNativeTarget section */

/* Begin PBXProject section */
		F1C8F94D2B1378E2002AD0A3 /* Project object */ = {
			isa = PBXProject;
			attributes = {
				BuildIndependentTargetsInParallel = 1;
				LastSwiftUpdateCheck = 1500;
				LastUpgradeCheck = 1500;
				TargetAttributes = {
					F1C8F9542B1378E2002AD0A3 = {
						CreatedOnToolsVersion = 15.0.1;
					};
					F1C8F9682B1378E3002AD0A3 = {
						CreatedOnToolsVersion = 15.0.1;
						TestTargetID = F1C8F9542B1378E2002AD0A3;
					};
					F1C8F9722B1378E3002AD0A3 = {
						CreatedOnToolsVersion = 15.0.1;
						TestTargetID = F1C8F9542B1378E2002AD0A3;
					};
				};
			};
			buildConfigurationList = F1C8F9502B1378E2002AD0A3 /* Build configuration list for PBXProject "Othello" */;
			compatibilityVersion = "Xcode 14.0";
			developmentRegion = en;
			hasScannedForEncodings = 0;
			knownRegions = (
				en,
				Base,
			);
			mainGroup = F1C8F94C2B1378E2002AD0A3;
			productRefGroup = F1C8F9562B1378E2002AD0A3 /* Products */;
			projectDirPath = "";
			projectRoot = "";
			targets = (
				F1C8F9542B1378E2002AD0A3 /* Othello */,
				F1C8F9682B1378E3002AD0A3 /* OthelloTests */,
				F1C8F9722B1378E3002AD0A3 /* OthelloUITests */,
			);
		};
/* End PBXProject section */

/* Begin PBXResourcesBuildPhase section */
		F1C8F9532B1378E2002AD0A3 /* Resources */ = {
			isa = PBXResourcesBuildPhase;
			buildActionMask = 2147483647;
			files = (
				F1C8F9622B1378E3002AD0A3 /* Preview Assets.xcassets in Resources */,
				F1C8F95F2B1378E3002AD0A3 /* Assets.xcassets in Resources */,
			);
			runOnlyForDeploymentPostprocessing = 0;
		};
		F1C8F9672B1378E3002AD0A3 /* Resources */ = {
			isa = PBXResourcesBuildPhase;
			buildActionMask = 2147483647;
			files = (
			);
			runOnlyForDeploymentPostprocessing = 0;
		};
		F1C8F9712B1378E3002AD0A3 /* Resources */ = {
			isa = PBXResourcesBuildPhase;
			buildActionMask = 2147483647;
			files = (
			);
			runOnlyForDeploymentPostprocessing = 0;
		};
/* End PBXResourcesBuildPhase section */

/* Begin PBXSourcesBuildPhase section */
		F1C8F9512B1378E2002AD0A3 /* Sources */ = {
			isa = PBXSourcesBuildPhase;
			buildActionMask = 2147483647;
			files = (
				F1C8F95B2B1378E2002AD0A3 /* ContentView.swift in Sources */,
				F1C8F95D2B1378E2002AD0A3 /* Item.swift in Sources */,
				F1C8F9592B1378E2002AD0A3 /* OthelloApp.swift in Sources */,
			);
			runOnlyForDeploymentPostprocessing = 0;
		};
		F1C8F9652B1378E3002AD0A3 /* Sources */ = {
			isa = PBXSourcesBuildPhase;
			buildActionMask = 2147483647;
			files = (
				F1C8F96E2B1378E3002AD0A3 /* OthelloTests.swift in Sources */,
			);
			runOnlyForDeploymentPostprocessing = 0;
		};
		F1C8F96F2B1378E3002AD0A3 /* Sources */ = {
			isa = PBXSourcesBuildPhase;
			buildActionMask = 2147483647;
			files = (
				F1C8F97A2B1378E3002AD0A3 /* OthelloUITestsLaunchTests.swift in Sources */,
				F1C8F9782B1378E3002AD0A3 /* OthelloUITests.swift in Sources */,
			);
			runOnlyForDeploymentPostprocessing = 0;
		};
/* End PBXSourcesBuildPhase section */

/* Begin PBXTargetDependency section */
		F1C8F96B2B1378E3002AD0A3 /* PBXTargetDependency */ = {
			isa = PBXTargetDependency;
			target = F1C8F9542B1378E2002AD0A3 /* Othello */;
			targetProxy = F1C8F96A2B1378E3002AD0A3 /* PBXContainerItemProxy */;
		};
		F1C8F9752B1378E3002AD0A3 /* PBXTargetDependency */ = {
			isa = PBXTargetDependency;
			target = F1C8F9542B1378E2002AD0A3 /* Othello */;
			targetProxy = F1C8F9742B1378E3002AD0A3 /* PBXContainerItemProxy */;
		};
/* End PBXTargetDependency section */

/* Begin XCBuildConfiguration section */
		F1C8F97B2B1378E3002AD0A3 /* Debug */ = {
			isa = XCBuildConfiguration;
			buildSettings = {
				ALWAYS_SEARCH_USER_PATHS = NO;
				ASSETCATALOG_COMPILER_GENERATE_SWIFT_ASSET_SYMBOL_EXTENSIONS = YES;
				CLANG_ANALYZER_NONNULL = YES;
				CLANG_ANALYZER_NUMBER_OBJECT_CONVERSION = YES_AGGRESSIVE;
				CLANG_CXX_LANGUAGE_STANDARD = "gnu++20";
				CLANG_ENABLE_MODULES = YES;
				CLANG_ENABLE_OBJC_ARC = YES;
				CLANG_ENABLE_OBJC_WEAK = YES;
				CLANG_WARN_BLOCK_CAPTURE_AUTORELEASING = YES;
				CLANG_WARN_BOOL_CONVERSION = YES;
				CLANG_WARN_COMMA = YES;
				CLANG_WARN_CONSTANT_CONVERSION = YES;
				CLANG_WARN_DEPRECATED_OBJC_IMPLEMENTATIONS = YES;
				CLANG_WARN_DIRECT_OBJC_ISA_USAGE = YES_ERROR;
				CLANG_WARN_DOCUMENTATION_COMMENTS = YES;
				CLANG_WARN_EMPTY_BODY = YES;
				CLANG_WARN_ENUM_CONVERSION = YES;
				CLANG_WARN_INFINITE_RECURSION = YES;
				CLANG_WARN_INT_CONVERSION = YES;
				CLANG_WARN_NON_LITERAL_NULL_CONVERSION = YES;
				CLANG_WARN_OBJC_IMPLICIT_RETAIN_SELF = YES;
				CLANG_WARN_OBJC_LITERAL_CONVERSION = YES;
				CLANG_WARN_OBJC_ROOT_CLASS = YES_ERROR;
				CLANG_WARN_QUOTED_INCLUDE_IN_FRAMEWORK_HEADER = YES;
				CLANG_WARN_RANGE_LOOP_ANALYSIS = YES;
				CLANG_WARN_STRICT_PROTOTYPES = YES;
				CLANG_WARN_SUSPICIOUS_MOVE = YES;
				CLANG_WARN_UNGUARDED_AVAILABILITY = YES_AGGRESSIVE;
				CLANG_WARN_UNREACHABLE_CODE = YES;
				CLANG_WARN__DUPLICATE_METHOD_MATCH = YES;
				COPY_PHASE_STRIP = NO;
				DEBUG_INFORMATION_FORMAT = dwarf;
				ENABLE_STRICT_OBJC_MSGSEND = YES;
				ENABLE_TESTABILITY = YES;
				ENABLE_USER_SCRIPT_SANDBOXING = YES;
				GCC_C_LANGUAGE_STANDARD = gnu17;
				GCC_DYNAMIC_NO_PIC = NO;
				GCC_NO_COMMON_BLOCKS = YES;
				GCC_OPTIMIZATION_LEVEL = 0;
				GCC_PREPROCESSOR_DEFINITIONS = (
					"DEBUG=1",
					"$(inherited)",
				);
				GCC_WARN_64_TO_32_BIT_CONVERSION = YES;
				GCC_WARN_ABOUT_RETURN_TYPE = YES_ERROR;
				GCC_WARN_UNDECLARED_SELECTOR = YES;
				GCC_WARN_UNINITIALIZED_AUTOS = YES_AGGRESSIVE;
				GCC_WARN_UNUSED_FUNCTION = YES;
				GCC_WARN_UNUSED_VARIABLE = YES;
				IPHONEOS_DEPLOYMENT_TARGET = 17.0;
				LOCALIZATION_PREFERS_STRING_CATALOGS = YES;
				MTL_ENABLE_DEBUG_INFO = INCLUDE_SOURCE;
				MTL_FAST_MATH = YES;
				ONLY_ACTIVE_ARCH = YES;
				SDKROOT = iphoneos;
				SWIFT_ACTIVE_COMPILATION_CONDITIONS = "DEBUG $(inherited)";
				SWIFT_OPTIMIZATION_LEVEL = "-Onone";
			};
			name = Debug;
		};
		F1C8F97C2B1378E3002AD0A3 /* Release */ = {
			isa = XCBuildConfiguration;
			buildSettings = {
				ALWAYS_SEARCH_USER_PATHS = NO;
				ASSETCATALOG_COMPILER_GENERATE_SWIFT_ASSET_SYMBOL_EXTENSIONS = YES;
				CLANG_ANALYZER_NONNULL = YES;
				CLANG_ANALYZER_NUMBER_OBJECT_CONVERSION = YES_AGGRESSIVE;
				CLANG_CXX_LANGUAGE_STANDARD = "gnu++20";
				CLANG_ENABLE_MODULES = YES;
				CLANG_ENABLE_OBJC_ARC = YES;
				CLANG_ENABLE_OBJC_WEAK = YES;
				CLANG_WARN_BLOCK_CAPTURE_AUTORELEASING = YES;
				CLANG_WARN_BOOL_CONVERSION = YES;
				CLANG_WARN_COMMA = YES;
				CLANG_WARN_CONSTANT_CONVERSION = YES;
				CLANG_WARN_DEPRECATED_OBJC_IMPLEMENTATIONS = YES;
				CLANG_WARN_DIRECT_OBJC_ISA_USAGE = YES_ERROR;
				CLANG_WARN_DOCUMENTATION_COMMENTS = YES;
				CLANG_WARN_EMPTY_BODY = YES;
				CLANG_WARN_ENUM_CONVERSION = YES;
				CLANG_WARN_INFINITE_RECURSION = YES;
				CLANG_WARN_INT_CONVERSION = YES;
				CLANG_WARN_NON_LITERAL_NULL_CONVERSION = YES;
				CLANG_WARN_OBJC_IMPLICIT_RETAIN_SELF = YES;
				CLANG_WARN_OBJC_LITERAL_CONVERSION = YES;
				CLANG_WARN_OBJC_ROOT_CLASS = YES_ERROR;
				CLANG_WARN_QUOTED_INCLUDE_IN_FRAMEWORK_HEADER = YES;
				CLANG_WARN_RANGE_LOOP_ANALYSIS = YES;
				CLANG_WARN_STRICT_PROTOTYPES = YES;
				CLANG_WARN_SUSPICIOUS_MOVE = YES;
				CLANG_WARN_UNGUARDED_AVAILABILITY = YES_AGGRESSIVE;
				CLANG_WARN_UNREACHABLE_CODE = YES;
				CLANG_WARN__DUPLICATE_METHOD_MATCH = YES;
				COPY_PHASE_STRIP = NO;
				DEBUG_INFORMATION_FORMAT = "dwarf-with-dsym";
				ENABLE_NS_ASSERTIONS = NO;
				ENABLE_STRICT_OBJC_MSGSEND = YES;
				ENABLE_USER_SCRIPT_SANDBOXING = YES;
				GCC_C_LANGUAGE_STANDARD = gnu17;
				GCC_NO_COMMON_BLOCKS = YES;
				GCC_WARN_64_TO_32_BIT_CONVERSION = YES;
				GCC_WARN_ABOUT_RETURN_TYPE = YES_ERROR;
				GCC_WARN_UNDECLARED_SELECTOR = YES;
				GCC_WARN_UNINITIALIZED_AUTOS = YES_AGGRESSIVE;
				GCC_WARN_UNUSED_FUNCTION = YES;
				GCC_WARN_UNUSED_VARIABLE = YES;
				IPHONEOS_DEPLOYMENT_TARGET = 17.0;
				LOCALIZATION_PREFERS_STRING_CATALOGS = YES;
				MTL_ENABLE_DEBUG_INFO = NO;
				MTL_FAST_MATH = YES;
				SDKROOT = iphoneos;
				SWIFT_COMPILATION_MODE = wholemodule;
				VALIDATE_PRODUCT = YES;
			};
			name = Release;
		};
		F1C8F97E2B1378E3002AD0A3 /* Debug */ = {
			isa = XCBuildConfiguration;
			buildSettings = {
				ASSETCATALOG_COMPILER_APPICON_NAME = AppIcon;
				ASSETCATALOG_COMPILER_GLOBAL_ACCENT_COLOR_NAME = AccentColor;
				CODE_SIGN_ENTITLEMENTS = Othello/Othello.entitlements;
				CODE_SIGN_STYLE = Automatic;
				CURRENT_PROJECT_VERSION = 1;
				DEVELOPMENT_ASSET_PATHS = "\"Othello/Preview Content\"";
				DEVELOPMENT_TEAM = 4YP7SQBLYV;
				ENABLE_PREVIEWS = YES;
				GENERATE_INFOPLIST_FILE = YES;
				INFOPLIST_FILE = Othello/Info.plist;
				INFOPLIST_KEY_UIApplicationSceneManifest_Generation = YES;
				INFOPLIST_KEY_UIApplicationSupportsIndirectInputEvents = YES;
				INFOPLIST_KEY_UILaunchScreen_Generation = YES;
				INFOPLIST_KEY_UISupportedInterfaceOrientations_iPad = "UIInterfaceOrientationPortrait UIInterfaceOrientationPortraitUpsideDown UIInterfaceOrientationLandscapeLeft UIInterfaceOrientationLandscapeRight";
				INFOPLIST_KEY_UISupportedInterfaceOrientations_iPhone = "UIInterfaceOrientationPortrait UIInterfaceOrientationLandscapeLeft UIInterfaceOrientationLandscapeRight";
				LD_RUNPATH_SEARCH_PATHS = (
					"$(inherited)",
					"@executable_path/Frameworks",
				);
				MARKETING_VERSION = 1.0;
				PRODUCT_BUNDLE_IDENTIFIER = com.kantacky.Othello;
				PRODUCT_NAME = "$(TARGET_NAME)";
				SWIFT_EMIT_LOC_STRINGS = YES;
				SWIFT_VERSION = 5.0;
				TARGETED_DEVICE_FAMILY = "1,2";
			};
			name = Debug;
		};
		F1C8F97F2B1378E3002AD0A3 /* Release */ = {
			isa = XCBuildConfiguration;
			buildSettings = {
				ASSETCATALOG_COMPILER_APPICON_NAME = AppIcon;
				ASSETCATALOG_COMPILER_GLOBAL_ACCENT_COLOR_NAME = AccentColor;
				CODE_SIGN_ENTITLEMENTS = Othello/Othello.entitlements;
				CODE_SIGN_STYLE = Automatic;
				CURRENT_PROJECT_VERSION = 1;
				DEVELOPMENT_ASSET_PATHS = "\"Othello/Preview Content\"";
				DEVELOPMENT_TEAM = 4YP7SQBLYV;
				ENABLE_PREVIEWS = YES;
				GENERATE_INFOPLIST_FILE = YES;
				INFOPLIST_FILE = Othello/Info.plist;
				INFOPLIST_KEY_UIApplicationSceneManifest_Generation = YES;
				INFOPLIST_KEY_UIApplicationSupportsIndirectInputEvents = YES;
				INFOPLIST_KEY_UILaunchScreen_Generation = YES;
				INFOPLIST_KEY_UISupportedInterfaceOrientations_iPad = "UIInterfaceOrientationPortrait UIInterfaceOrientationPortraitUpsideDown UIInterfaceOrientationLandscapeLeft UIInterfaceOrientationLandscapeRight";
				INFOPLIST_KEY_UISupportedInterfaceOrientations_iPhone = "UIInterfaceOrientationPortrait UIInterfaceOrientationLandscapeLeft UIInterfaceOrientationLandscapeRight";
				LD_RUNPATH_SEARCH_PATHS = (
					"$(inherited)",
					"@executable_path/Frameworks",
				);
				MARKETING_VERSION = 1.0;
				PRODUCT_BUNDLE_IDENTIFIER = com.kantacky.Othello;
				PRODUCT_NAME = "$(TARGET_NAME)";
				SWIFT_EMIT_LOC_STRINGS = YES;
				SWIFT_VERSION = 5.0;
				TARGETED_DEVICE_FAMILY = "1,2";
			};
			name = Release;
		};
		F1C8F9812B1378E3002AD0A3 /* Debug */ = {
			isa = XCBuildConfiguration;
			buildSettings = {
				ALWAYS_EMBED_SWIFT_STANDARD_LIBRARIES = YES;
				BUNDLE_LOADER = "$(TEST_HOST)";
				CODE_SIGN_STYLE = Automatic;
				CURRENT_PROJECT_VERSION = 1;
				DEVELOPMENT_TEAM = 4YP7SQBLYV;
				GENERATE_INFOPLIST_FILE = YES;
				IPHONEOS_DEPLOYMENT_TARGET = 17.0;
				MARKETING_VERSION = 1.0;
				PRODUCT_BUNDLE_IDENTIFIER = com.kantacky.OthelloTests;
				PRODUCT_NAME = "$(TARGET_NAME)";
				SWIFT_EMIT_LOC_STRINGS = NO;
				SWIFT_VERSION = 5.0;
				TARGETED_DEVICE_FAMILY = "1,2";
				TEST_HOST = "$(BUILT_PRODUCTS_DIR)/Othello.app/$(BUNDLE_EXECUTABLE_FOLDER_PATH)/Othello";
			};
			name = Debug;
		};
		F1C8F9822B1378E3002AD0A3 /* Release */ = {
			isa = XCBuildConfiguration;
			buildSettings = {
				ALWAYS_EMBED_SWIFT_STANDARD_LIBRARIES = YES;
				BUNDLE_LOADER = "$(TEST_HOST)";
				CODE_SIGN_STYLE = Automatic;
				CURRENT_PROJECT_VERSION = 1;
				DEVELOPMENT_TEAM = 4YP7SQBLYV;
				GENERATE_INFOPLIST_FILE = YES;
				IPHONEOS_DEPLOYMENT_TARGET = 17.0;
				MARKETING_VERSION = 1.0;
				PRODUCT_BUNDLE_IDENTIFIER = com.kantacky.OthelloTests;
				PRODUCT_NAME = "$(TARGET_NAME)";
				SWIFT_EMIT_LOC_STRINGS = NO;
				SWIFT_VERSION = 5.0;
				TARGETED_DEVICE_FAMILY = "1,2";
				TEST_HOST = "$(BUILT_PRODUCTS_DIR)/Othello.app/$(BUNDLE_EXECUTABLE_FOLDER_PATH)/Othello";
			};
			name = Release;
		};
		F1C8F9842B1378E3002AD0A3 /* Debug */ = {
			isa = XCBuildConfiguration;
			buildSettings = {
				ALWAYS_EMBED_SWIFT_STANDARD_LIBRARIES = YES;
				CODE_SIGN_STYLE = Automatic;
				CURRENT_PROJECT_VERSION = 1;
				DEVELOPMENT_TEAM = 4YP7SQBLYV;
				GENERATE_INFOPLIST_FILE = YES;
				MARKETING_VERSION = 1.0;
				PRODUCT_BUNDLE_IDENTIFIER = com.kantacky.OthelloUITests;
				PRODUCT_NAME = "$(TARGET_NAME)";
				SWIFT_EMIT_LOC_STRINGS = NO;
				SWIFT_VERSION = 5.0;
				TARGETED_DEVICE_FAMILY = "1,2";
				TEST_TARGET_NAME = Othello;
			};
			name = Debug;
		};
		F1C8F9852B1378E3002AD0A3 /* Release */ = {
			isa = XCBuildConfiguration;
			buildSettings = {
				ALWAYS_EMBED_SWIFT_STANDARD_LIBRARIES = YES;
				CODE_SIGN_STYLE = Automatic;
				CURRENT_PROJECT_VERSION = 1;
				DEVELOPMENT_TEAM = 4YP7SQBLYV;
				GENERATE_INFOPLIST_FILE = YES;
				MARKETING_VERSION = 1.0;
				PRODUCT_BUNDLE_IDENTIFIER = com.kantacky.OthelloUITests;
				PRODUCT_NAME = "$(TARGET_NAME)";
				SWIFT_EMIT_LOC_STRINGS = NO;
				SWIFT_VERSION = 5.0;
				TARGETED_DEVICE_FAMILY = "1,2";
				TEST_TARGET_NAME = Othello;
			};
			name = Release;
		};
/* End XCBuildConfiguration section */

/* Begin XCConfigurationList section */
		F1C8F9502B1378E2002AD0A3 /* Build configuration list for PBXProject "Othello" */ = {
			isa = XCConfigurationList;
			buildConfigurations = (
				F1C8F97B2B1378E3002AD0A3 /* Debug */,
				F1C8F97C2B1378E3002AD0A3 /* Release */,
			);
			defaultConfigurationIsVisible = 0;
			defaultConfigurationName = Release;
		};
		F1C8F97D2B1378E3002AD0A3 /* Build configuration list for PBXNativeTarget "Othello" */ = {
			isa = XCConfigurationList;
			buildConfigurations = (
				F1C8F97E2B1378E3002AD0A3 /* Debug */,
				F1C8F97F2B1378E3002AD0A3 /* Release */,
			);
			defaultConfigurationIsVisible = 0;
			defaultConfigurationName = Release;
		};
		F1C8F9802B1378E3002AD0A3 /* Build configuration list for PBXNativeTarget "OthelloTests" */ = {
			isa = XCConfigurationList;
			buildConfigurations = (
				F1C8F9812B1378E3002AD0A3 /* Debug */,
				F1C8F9822B1378E3002AD0A3 /* Release */,
			);
			defaultConfigurationIsVisible = 0;
			defaultConfigurationName = Release;
		};
		F1C8F9832B1378E3002AD0A3 /* Build configuration list for PBXNativeTarget "OthelloUITests" */ = {
			isa = XCConfigurationList;
			buildConfigurations = (
				F1C8F9842B1378E3002AD0A3 /* Debug */,
				F1C8F9852B1378E3002AD0A3 /* Release */,
			);
			defaultConfigurationIsVisible = 0;
			defaultConfigurationName = Release;
		};
/* End XCConfigurationList section */
	};
	rootObject = F1C8F94D2B1378E2002AD0A3 /* Project object */;
}
